
Microsoft Visual Studio Solution File, Format Version 12.00
# Visual Studio 15
Project("{FAE04EC0-301F-11D3-BF4B-00C04F79EFBC}") = "Assembly-CSharp-firstpass", "Assembly-CSharp-firstpass.csproj", "{A829BD4A-C2CB-F56C-03DA-66B214955ACB}"
EndProject
Project("{FAE04EC0-301F-11D3-BF4B-00C04F79EFBC}") = "Assembly-CSharp", "Assembly-CSharp.csproj", "{C661D61B-F77F-8CB4-1CE0-17FD76B7993F}"
EndProject
Project("{FAE04EC0-301F-11D3-BF4B-00C04F79EFBC}") = "Assembly-CSharp-Editor-firstpass", "Assembly-CSharp-Editor-firstpass.csproj", "{B6E54F73-319F-25DF-A2FE-855F2A8B5BA1}"
EndProject
Global
	GlobalSection(SolutionConfigurationPlatforms) = preSolution
		Debug|Any CPU = Debug|Any CPU
		Release|Any CPU = Release|Any CPU
	EndGlobalSection
	GlobalSection(ProjectConfigurationPlatforms) = postSolution
		{A829BD4A-C2CB-F56C-03DA-66B214955ACB}.Debug|Any CPU.ActiveCfg = Debug|Any CPU
		{A829BD4A-C2CB-F56C-03DA-66B214955ACB}.Debug|Any CPU.Build.0 = Debug|Any CPU
		{A829BD4A-C2CB-F56C-03DA-66B214955ACB}.Release|Any CPU.ActiveCfg = Release|Any CPU
		{A829BD4A-C2CB-F56C-03DA-66B214955ACB}.Release|Any CPU.Build.0 = Release|Any CPU
		{C661D61B-F77F-8CB4-1CE0-17FD76B7993F}.Debug|Any CPU.ActiveCfg = Debug|Any CPU
		{C661D61B-F77F-8CB4-1CE0-17FD76B7993F}.Debug|Any CPU.Build.0 = Debug|Any CPU
		{C661D61B-F77F-8CB4-1CE0-17FD76B7993F}.Release|Any CPU.ActiveCfg = Release|Any CPU
		{C661D61B-F77F-8CB4-1CE0-17FD76B7993F}.Release|Any CPU.Build.0 = Release|Any CPU
		{B6E54F73-319F-25DF-A2FE-855F2A8B5BA1}.Debug|Any CPU.ActiveCfg = Debug|Any CPU
		{B6E54F73-319F-25DF-A2FE-855F2A8B5BA1}.Debug|Any CPU.Build.0 = Debug|Any CPU
		{B6E54F73-319F-25DF-A2FE-855F2A8B5BA1}.Release|Any CPU.ActiveCfg = Release|Any CPU
		{B6E54F73-319F-25DF-A2FE-855F2A8B5BA1}.Release|Any CPU.Build.0 = Release|Any CPU
	EndGlobalSection
	GlobalSection(SolutionProperties) = preSolution
		HideSolutionNode = FALSE
	EndGlobalSection
EndGlobal
